
Microsoft Visual Studio Solution File, Format Version 12.00
# Visual Studio Version 16
VisualStudioVersion = 16.0.30717.126
MinimumVisualStudioVersion = 10.0.40219.1
Project("{FAE04EC0-301F-11D3-BF4B-00C04F79EFBC}") = "guiZad_6", "guiZad_6\guiZad_6.csproj", "{27232597-F455-4F58-8AD4-F98207972906}"
EndProject
Global
	GlobalSection(SolutionConfigurationPlatforms) = preSolution
		Debug|Any CPU = Debug|Any CPU
		Release|Any CPU = Release|Any CPU
	EndGlobalSection
	GlobalSection(ProjectConfigurationPlatforms) = postSolution
		{27232597-F455-4F58-8AD4-F98207972906}.Debug|Any CPU.ActiveCfg = Debug|Any CPU
		{27232597-F455-4F58-8AD4-F98207972906}.Debug|Any CPU.Build.0 = Debug|Any CPU
		{27232597-F455-4F58-8AD4-F98207972906}.Release|Any CPU.ActiveCfg = Release|Any CPU
		{27232597-F455-4F58-8AD4-F98207972906}.Release|Any CPU.Build.0 = Release|Any CPU
	EndGlobalSection
	GlobalSection(SolutionProperties) = preSolution
		HideSolutionNode = FALSE
	EndGlobalSection
	GlobalSection(ExtensibilityGlobals) = postSolution
		SolutionGuid = {8DA445BD-D192-47AB-BB9C-CDB690C3A46C}
	EndGlobalSection
EndGlobal
