
Microsoft Visual Studio Solution File, Format Version 12.00
# Visual Studio Version 16
VisualStudioVersion = 16.0.31729.503
MinimumVisualStudioVersion = 10.0.40219.1
Project("{FAE04EC0-301F-11D3-BF4B-00C04F79EFBC}") = "pw11", "pw11\pw11.csproj", "{24FCEECF-7388-48C5-A11D-A52BF2AAE3B4}"
EndProject
Global
	GlobalSection(SolutionConfigurationPlatforms) = preSolution
		Debug|Any CPU = Debug|Any CPU
		Release|Any CPU = Release|Any CPU
	EndGlobalSection
	GlobalSection(ProjectConfigurationPlatforms) = postSolution
		{24FCEECF-7388-48C5-A11D-A52BF2AAE3B4}.Debug|Any CPU.ActiveCfg = Debug|Any CPU
		{24FCEECF-7388-48C5-A11D-A52BF2AAE3B4}.Debug|Any CPU.Build.0 = Debug|Any CPU
		{24FCEECF-7388-48C5-A11D-A52BF2AAE3B4}.Release|Any CPU.ActiveCfg = Release|Any CPU
		{24FCEECF-7388-48C5-A11D-A52BF2AAE3B4}.Release|Any CPU.Build.0 = Release|Any CPU
	EndGlobalSection
	GlobalSection(SolutionProperties) = preSolution
		HideSolutionNode = FALSE
	EndGlobalSection
	GlobalSection(ExtensibilityGlobals) = postSolution
		SolutionGuid = {973CDFD7-F96C-49ED-A587-509332102B5D}
	EndGlobalSection
EndGlobal
